
Microsoft Visual Studio Solution File, Format Version 12.00
# Visual Studio Version 17
VisualStudioVersion = 17.3.32922.545
MinimumVisualStudioVersion = 10.0.40219.1
Project("{FAE04EC0-301F-11D3-BF4B-00C04F79EFBC}") = "ProjektZajecia1Nieoceniane", "ProjektZajecia1Nieoceniane.csproj", "{3987B925-5772-42AC-B5C4-C1B006566BFC}"
EndProject
Global
	GlobalSection(SolutionConfigurationPlatforms) = preSolution
		Debug|Any CPU = Debug|Any CPU
		Release|Any CPU = Release|Any CPU
	EndGlobalSection
	GlobalSection(ProjectConfigurationPlatforms) = postSolution
		{3987B925-5772-42AC-B5C4-C1B006566BFC}.Debug|Any CPU.ActiveCfg = Debug|Any CPU
		{3987B925-5772-42AC-B5C4-C1B006566BFC}.Debug|Any CPU.Build.0 = Debug|Any CPU
		{3987B925-5772-42AC-B5C4-C1B006566BFC}.Release|Any CPU.ActiveCfg = Release|Any CPU
		{3987B925-5772-42AC-B5C4-C1B006566BFC}.Release|Any CPU.Build.0 = Release|Any CPU
	EndGlobalSection
	GlobalSection(SolutionProperties) = preSolution
		HideSolutionNode = FALSE
	EndGlobalSection
	GlobalSection(ExtensibilityGlobals) = postSolution
		SolutionGuid = {CAA7161F-6B6B-41D6-B691-6A16435CE45A}
	EndGlobalSection
EndGlobal
